PODS:
  - ADALiOS (1.2.10)
  - NXOAuth2Client (1.2.8)

DEPENDENCIES:
  - ADALiOS
  - NXOAuth2Client

SPEC REPOS:
  https://github.com/cocoapods/specs.git:
    - ADALiOS
    - NXOAuth2Client

SPEC CHECKSUMS:
  ADALiOS: 505c364827c25dd37811e660a943dace9c0ff094
  NXOAuth2Client: 98c4d4c594edd2b289cfc34a8928653e1dab7adf

PODFILE CHECKSUM: 8d0712f01a5ac9b740c1e5be917b98c72ad903b1

COCOAPODS: 1.5.2
